
Microsoft Visual Studio Solution File, Format Version 12.00
# Visual Studio Version 17
VisualStudioVersion = 17.0.32112.339
MinimumVisualStudioVersion = 10.0.40219.1
Project("{FAE04EC0-301F-11D3-BF4B-00C04F79EFBC}") = "BombJack", "BombJack\BombJack.csproj", "{D9A17AB3-FEDF-44D4-AEB1-50AA2A368AD2}"
EndProject
Global
	GlobalSection(SolutionConfigurationPlatforms) = preSolution
		Debug|Any CPU = Debug|Any CPU
		Release|Any CPU = Release|Any CPU
	EndGlobalSection
	GlobalSection(ProjectConfigurationPlatforms) = postSolution
		{D9A17AB3-FEDF-44D4-AEB1-50AA2A368AD2}.Debug|Any CPU.ActiveCfg = Debug|Any CPU
		{D9A17AB3-FEDF-44D4-AEB1-50AA2A368AD2}.Debug|Any CPU.Build.0 = Debug|Any CPU
		{D9A17AB3-FEDF-44D4-AEB1-50AA2A368AD2}.Release|Any CPU.ActiveCfg = Release|Any CPU
		{D9A17AB3-FEDF-44D4-AEB1-50AA2A368AD2}.Release|Any CPU.Build.0 = Release|Any CPU
	EndGlobalSection
	GlobalSection(SolutionProperties) = preSolution
		HideSolutionNode = FALSE
	EndGlobalSection
	GlobalSection(ExtensibilityGlobals) = postSolution
		SolutionGuid = {623FBADB-C89A-4961-8550-793236564F06}
	EndGlobalSection
EndGlobal
